// !$*UTF8*$!
{
	archiveVersion = 1;
	classes = {
	};
	objectVersion = 50;
	objects = {

/* Begin PBXBuildFile section */
		97F6FA6323E0A4B600474351 /* AppDelegate.m in Sources */ = {isa = PBXBuildFile; fileRef = 97F6FA6223E0A4B600474351 /* AppDelegate.m */; };
		97F6FA6623E0A4B600474351 /* SceneDelegate.m in Sources */ = {isa = PBXBuildFile; fileRef = 97F6FA6523E0A4B600474351 /* SceneDelegate.m */; };
		97F6FA6C23E0A4B600474351 /* Main.storyboard in Resources */ = {isa = PBXBuildFile; fileRef = 97F6FA6A23E0A4B600474351 /* Main.storyboard */; };
		97F6FA6E23E0A4B700474351 /* Assets.xcassets in Resources */ = {isa = PBXBuildFile; fileRef = 97F6FA6D23E0A4B700474351 /* Assets.xcassets */; };
		97F6FA7123E0A4B700474351 /* LaunchScreen.storyboard in Resources */ = {isa = PBXBuildFile; fileRef = 97F6FA6F23E0A4B700474351 /* LaunchScreen.storyboard */; };
		97F6FA7423E0A4B700474351 /* main.m in Sources */ = {isa = PBXBuildFile; fileRef = 97F6FA7323E0A4B700474351 /* main.m */; };
		97F6FA8223E0A6EA00474351 /* MOPPokemon.m in Sources */ = {isa = PBXBuildFile; fileRef = 97F6FA8123E0A6EA00474351 /* MOPPokemon.m */; };
		97F6FA8523E0B23800474351 /* MOPPokemonController.m in Sources */ = {isa = PBXBuildFile; fileRef = 97F6FA8423E0B23800474351 /* MOPPokemonController.m */; };
		97F6FA8823E0BA7900474351 /* PokemonViewController.swift in Sources */ = {isa = PBXBuildFile; fileRef = 97F6FA8723E0BA7900474351 /* PokemonViewController.swift */; };
/* End PBXBuildFile section */

/* Begin PBXFileReference section */
		97F6FA5E23E0A4B600474351 /* PokeDexC.app */ = {isa = PBXFileReference; explicitFileType = wrapper.application; includeInIndex = 0; path = PokeDexC.app; sourceTree = BUILT_PRODUCTS_DIR; };
		97F6FA6123E0A4B600474351 /* AppDelegate.h */ = {isa = PBXFileReference; lastKnownFileType = sourcecode.c.h; path = AppDelegate.h; sourceTree = "<group>"; };
		97F6FA6223E0A4B600474351 /* AppDelegate.m */ = {isa = PBXFileReference; lastKnownFileType = sourcecode.c.objc; path = AppDelegate.m; sourceTree = "<group>"; };
		97F6FA6423E0A4B600474351 /* SceneDelegate.h */ = {isa = PBXFileReference; lastKnownFileType = sourcecode.c.h; path = SceneDelegate.h; sourceTree = "<group>"; };
		97F6FA6523E0A4B600474351 /* SceneDelegate.m */ = {isa = PBXFileReference; lastKnownFileType = sourcecode.c.objc; path = SceneDelegate.m; sourceTree = "<group>"; };
		97F6FA6B23E0A4B600474351 /* Base */ = {isa = PBXFileReference; lastKnownFileType = file.storyboard; name = Base; path = Base.lproj/Main.storyboard; sourceTree = "<group>"; };
		97F6FA6D23E0A4B700474351 /* Assets.xcassets */ = {isa = PBXFileReference; lastKnownFileType = folder.assetcatalog; path = Assets.xcassets; sourceTree = "<group>"; };
		97F6FA7023E0A4B700474351 /* Base */ = {isa = PBXFileReference; lastKnownFileType = file.storyboard; name = Base; path = Base.lproj/LaunchScreen.storyboard; sourceTree = "<group>"; };
		97F6FA7223E0A4B700474351 /* Info.plist */ = {isa = PBXFileReference; lastKnownFileType = text.plist.xml; path = Info.plist; sourceTree = "<group>"; };
		97F6FA7323E0A4B700474351 /* main.m */ = {isa = PBXFileReference; lastKnownFileType = sourcecode.c.objc; path = main.m; sourceTree = "<group>"; };
		97F6FA8023E0A6EA00474351 /* MOPPokemon.h */ = {isa = PBXFileReference; lastKnownFileType = sourcecode.c.h; path = MOPPokemon.h; sourceTree = "<group>"; };
		97F6FA8123E0A6EA00474351 /* MOPPokemon.m */ = {isa = PBXFileReference; lastKnownFileType = sourcecode.c.objc; path = MOPPokemon.m; sourceTree = "<group>"; };
		97F6FA8323E0B23800474351 /* MOPPokemonController.h */ = {isa = PBXFileReference; lastKnownFileType = sourcecode.c.h; path = MOPPokemonController.h; sourceTree = "<group>"; };
		97F6FA8423E0B23800474351 /* MOPPokemonController.m */ = {isa = PBXFileReference; lastKnownFileType = sourcecode.c.objc; path = MOPPokemonController.m; sourceTree = "<group>"; };
		97F6FA8623E0BA7900474351 /* PokeDexC-Bridging-Header.h */ = {isa = PBXFileReference; lastKnownFileType = sourcecode.c.h; path = "PokeDexC-Bridging-Header.h"; sourceTree = "<group>"; };
		97F6FA8723E0BA7900474351 /* PokemonViewController.swift */ = {isa = PBXFileReference; lastKnownFileType = sourcecode.swift; path = PokemonViewController.swift; sourceTree = "<group>"; };
/* End PBXFileReference section */

/* Begin PBXFrameworksBuildPhase section */
		97F6FA5B23E0A4B600474351 /* Frameworks */ = {
			isa = PBXFrameworksBuildPhase;
			buildActionMask = 2147483647;
			files = (
			);
			runOnlyForDeploymentPostprocessing = 0;
		};
/* End PBXFrameworksBuildPhase section */

/* Begin PBXGroup section */
		97F6FA5523E0A4B600474351 = {
			isa = PBXGroup;
			children = (
				97F6FA6023E0A4B600474351 /* PokeDexC */,
				97F6FA5F23E0A4B600474351 /* Products */,
			);
			sourceTree = "<group>";
		};
		97F6FA5F23E0A4B600474351 /* Products */ = {
			isa = PBXGroup;
			children = (
				97F6FA5E23E0A4B600474351 /* PokeDexC.app */,
			);
			name = Products;
			sourceTree = "<group>";
		};
		97F6FA6023E0A4B600474351 /* PokeDexC */ = {
			isa = PBXGroup;
			children = (
				97F6FA7B23E0A55500474351 /* Models */,
				97F6FA7F23E0A56C00474351 /* Views */,
				97F6FA7C23E0A55A00474351 /* Controllers */,
				97F6FA7A23E0A54A00474351 /* Resources */,
			);
			path = PokeDexC;
			sourceTree = "<group>";
		};
		97F6FA7A23E0A54A00474351 /* Resources */ = {
			isa = PBXGroup;
			children = (
				97F6FA6123E0A4B600474351 /* AppDelegate.h */,
				97F6FA6223E0A4B600474351 /* AppDelegate.m */,
				97F6FA6423E0A4B600474351 /* SceneDelegate.h */,
				97F6FA6523E0A4B600474351 /* SceneDelegate.m */,
				97F6FA6D23E0A4B700474351 /* Assets.xcassets */,
				97F6FA6F23E0A4B700474351 /* LaunchScreen.storyboard */,
				97F6FA7223E0A4B700474351 /* Info.plist */,
				97F6FA7323E0A4B700474351 /* main.m */,
			);
			path = Resources;
			sourceTree = "<group>";
		};
		97F6FA7B23E0A55500474351 /* Models */ = {
			isa = PBXGroup;
			children = (
				97F6FA8023E0A6EA00474351 /* MOPPokemon.h */,
				97F6FA8123E0A6EA00474351 /* MOPPokemon.m */,
			);
			path = Models;
			sourceTree = "<group>";
		};
		97F6FA7C23E0A55A00474351 /* Controllers */ = {
			isa = PBXGroup;
			children = (
				97F6FA7E23E0A56500474351 /* Model Controllers */,
				97F6FA7D23E0A55F00474351 /* View Controllers */,
			);
			path = Controllers;
			sourceTree = "<group>";
		};
		97F6FA7D23E0A55F00474351 /* View Controllers */ = {
			isa = PBXGroup;
			children = (
				97F6FA8723E0BA7900474351 /* PokemonViewController.swift */,
				97F6FA8623E0BA7900474351 /* PokeDexC-Bridging-Header.h */,
			);
			path = "View Controllers";
			sourceTree = "<group>";
		};
		97F6FA7E23E0A56500474351 /* Model Controllers */ = {
			isa = PBXGroup;
			children = (
				97F6FA8323E0B23800474351 /* MOPPokemonController.h */,
				97F6FA8423E0B23800474351 /* MOPPokemonController.m */,
			);
			path = "Model Controllers";
			sourceTree = "<group>";
		};
		97F6FA7F23E0A56C00474351 /* Views */ = {
			isa = PBXGroup;
			children = (
				97F6FA6A23E0A4B600474351 /* Main.storyboard */,
			);
			path = Views;
			sourceTree = "<group>";
		};
/* End PBXGroup section */

/* Begin PBXNativeTarget section */
		97F6FA5D23E0A4B600474351 /* PokeDexC */ = {
			isa = PBXNativeTarget;
			buildConfigurationList = 97F6FA7723E0A4B700474351 /* Build configuration list for PBXNativeTarget "PokeDexC" */;
			buildPhases = (
				97F6FA5A23E0A4B600474351 /* Sources */,
				97F6FA5B23E0A4B600474351 /* Frameworks */,
				97F6FA5C23E0A4B600474351 /* Resources */,
			);
			buildRules = (
			);
			dependencies = (
			);
			name = PokeDexC;
			productName = PokeDexC;
			productReference = 97F6FA5E23E0A4B600474351 /* PokeDexC.app */;
			productType = "com.apple.product-type.application";
		};
/* End PBXNativeTarget section */

/* Begin PBXProject section */
		97F6FA5623E0A4B600474351 /* Project object */ = {
			isa = PBXProject;
			attributes = {
				CLASSPREFIX = MOP;
				LastUpgradeCheck = 1130;
				ORGANIZATIONNAME = "Maxwell Poffenbarger";
				TargetAttributes = {
					97F6FA5D23E0A4B600474351 = {
						CreatedOnToolsVersion = 11.3.1;
						LastSwiftMigration = 1130;
					};
				};
			};
			buildConfigurationList = 97F6FA5923E0A4B600474351 /* Build configuration list for PBXProject "PokeDexC" */;
			compatibilityVersion = "Xcode 9.3";
			developmentRegion = en;
			hasScannedForEncodings = 0;
			knownRegions = (
				en,
				Base,
			);
			mainGroup = 97F6FA5523E0A4B600474351;
			productRefGroup = 97F6FA5F23E0A4B600474351 /* Products */;
			projectDirPath = "";
			projectRoot = "";
			targets = (
				97F6FA5D23E0A4B600474351 /* PokeDexC */,
			);
		};
/* End PBXProject section */

/* Begin PBXResourcesBuildPhase section */
		97F6FA5C23E0A4B600474351 /* Resources */ = {
			isa = PBXResourcesBuildPhase;
			buildActionMask = 2147483647;
			files = (
				97F6FA7123E0A4B700474351 /* LaunchScreen.storyboard in Resources */,
				97F6FA6E23E0A4B700474351 /* Assets.xcassets in Resources */,
				97F6FA6C23E0A4B600474351 /* Main.storyboard in Resources */,
			);
			runOnlyForDeploymentPostprocessing = 0;
		};
/* End PBXResourcesBuildPhase section */

/* Begin PBXSourcesBuildPhase section */
		97F6FA5A23E0A4B600474351 /* Sources */ = {
			isa = PBXSourcesBuildPhase;
			buildActionMask = 2147483647;
			files = (
				97F6FA8223E0A6EA00474351 /* MOPPokemon.m in Sources */,
				97F6FA6323E0A4B600474351 /* AppDelegate.m in Sources */,
				97F6FA8823E0BA7900474351 /* PokemonViewController.swift in Sources */,
				97F6FA7423E0A4B700474351 /* main.m in Sources */,
				97F6FA8523E0B23800474351 /* MOPPokemonController.m in Sources */,
				97F6FA6623E0A4B600474351 /* SceneDelegate.m in Sources */,
			);
			runOnlyForDeploymentPostprocessing = 0;
		};
/* End PBXSourcesBuildPhase section */

/* Begin PBXVariantGroup section */
		97F6FA6A23E0A4B600474351 /* Main.storyboard */ = {
			isa = PBXVariantGroup;
			children = (
				97F6FA6B23E0A4B600474351 /* Base */,
			);
			name = Main.storyboard;
			sourceTree = "<group>";
		};
		97F6FA6F23E0A4B700474351 /* LaunchScreen.storyboard */ = {
			isa = PBXVariantGroup;
			children = (
				97F6FA7023E0A4B700474351 /* Base */,
			);
			name = LaunchScreen.storyboard;
			sourceTree = "<group>";
		};
/* End PBXVariantGroup section */

/* Begin XCBuildConfiguration section */
		97F6FA7523E0A4B700474351 /* Debug */ = {
			isa = XCBuildConfiguration;
			buildSettings = {
				ALWAYS_SEARCH_USER_PATHS = NO;
				CLANG_ANALYZER_NONNULL = YES;
				CLANG_ANALYZER_NUMBER_OBJECT_CONVERSION = YES_AGGRESSIVE;
				CLANG_CXX_LANGUAGE_STANDARD = "gnu++14";
				CLANG_CXX_LIBRARY = "libc++";
				CLANG_ENABLE_MODULES = YES;
				CLANG_ENABLE_OBJC_ARC = YES;
				CLANG_ENABLE_OBJC_WEAK = YES;
				CLANG_WARN_BLOCK_CAPTURE_AUTORELEASING = YES;
				CLANG_WARN_BOOL_CONVERSION = YES;
				CLANG_WARN_COMMA = YES;
				CLANG_WARN_CONSTANT_CONVERSION = YES;
				CLANG_WARN_DEPRECATED_OBJC_IMPLEMENTATIONS = YES;
				CLANG_WARN_DIRECT_OBJC_ISA_USAGE = YES_ERROR;
				CLANG_WARN_DOCUMENTATION_COMMENTS = YES;
				CLANG_WARN_EMPTY_BODY = YES;
				CLANG_WARN_ENUM_CONVERSION = YES;
				CLANG_WARN_INFINITE_RECURSION = YES;
				CLANG_WARN_INT_CONVERSION = YES;
				CLANG_WARN_NON_LITERAL_NULL_CONVERSION = YES;
				CLANG_WARN_OBJC_IMPLICIT_RETAIN_SELF = YES;
				CLANG_WARN_OBJC_LITERAL_CONVERSION = YES;
				CLANG_WARN_OBJC_ROOT_CLASS = YES_ERROR;
				CLANG_WARN_RANGE_LOOP_ANALYSIS = YES;
				CLANG_WARN_STRICT_PROTOTYPES = YES;
				CLANG_WARN_SUSPICIOUS_MOVE = YES;
				CLANG_WARN_UNGUARDED_AVAILABILITY = YES_AGGRESSIVE;
				CLANG_WARN_UNREACHABLE_CODE = YES;
				CLANG_WARN__DUPLICATE_METHOD_MATCH = YES;
				COPY_PHASE_STRIP = NO;
				DEBUG_INFORMATION_FORMAT = dwarf;
				ENABLE_STRICT_OBJC_MSGSEND = YES;
				ENABLE_TESTABILITY = YES;
				GCC_C_LANGUAGE_STANDARD = gnu11;
				GCC_DYNAMIC_NO_PIC = NO;
				GCC_NO_COMMON_BLOCKS = YES;
				GCC_OPTIMIZATION_LEVEL = 0;
				GCC_PREPROCESSOR_DEFINITIONS = (
					"DEBUG=1",
					"$(inherited)",
				);
				GCC_WARN_64_TO_32_BIT_CONVERSION = YES;
				GCC_WARN_ABOUT_RETURN_TYPE = YES_ERROR;
				GCC_WARN_UNDECLARED_SELECTOR = YES;
				GCC_WARN_UNINITIALIZED_AUTOS = YES_AGGRESSIVE;
				GCC_WARN_UNUSED_FUNCTION = YES;
				GCC_WARN_UNUSED_VARIABLE = YES;
				IPHONEOS_DEPLOYMENT_TARGET = 13.2;
				MTL_ENABLE_DEBUG_INFO = INCLUDE_SOURCE;
				MTL_FAST_MATH = YES;
				ONLY_ACTIVE_ARCH = YES;
				SDKROOT = iphoneos;
			};
			name = Debug;
		};
		97F6FA7623E0A4B700474351 /* Release */ = {
			isa = XCBuildConfiguration;
			buildSettings = {
				ALWAYS_SEARCH_USER_PATHS = NO;
				CLANG_ANALYZER_NONNULL = YES;
				CLANG_ANALYZER_NUMBER_OBJECT_CONVERSION = YES_AGGRESSIVE;
				CLANG_CXX_LANGUAGE_STANDARD = "gnu++14";
				CLANG_CXX_LIBRARY = "libc++";
				CLANG_ENABLE_MODULES = YES;
				CLANG_ENABLE_OBJC_ARC = YES;
				CLANG_ENABLE_OBJC_WEAK = YES;
				CLANG_WARN_BLOCK_CAPTURE_AUTORELEASING = YES;
				CLANG_WARN_BOOL_CONVERSION = YES;
				CLANG_WARN_COMMA = YES;
				CLANG_WARN_CONSTANT_CONVERSION = YES;
				CLANG_WARN_DEPRECATED_OBJC_IMPLEMENTATIONS = YES;
				CLANG_WARN_DIRECT_OBJC_ISA_USAGE = YES_ERROR;
				CLANG_WARN_DOCUMENTATION_COMMENTS = YES;
				CLANG_WARN_EMPTY_BODY = YES;
				CLANG_WARN_ENUM_CONVERSION = YES;
				CLANG_WARN_INFINITE_RECURSION = YES;
				CLANG_WARN_INT_CONVERSION = YES;
				CLANG_WARN_NON_LITERAL_NULL_CONVERSION = YES;
				CLANG_WARN_OBJC_IMPLICIT_RETAIN_SELF = YES;
				CLANG_WARN_OBJC_LITERAL_CONVERSION = YES;
				CLANG_WARN_OBJC_ROOT_CLASS = YES_ERROR;
				CLANG_WARN_RANGE_LOOP_ANALYSIS = YES;
				CLANG_WARN_STRICT_PROTOTYPES = YES;
				CLANG_WARN_SUSPICIOUS_MOVE = YES;
				CLANG_WARN_UNGUARDED_AVAILABILITY = YES_AGGRESSIVE;
				CLANG_WARN_UNREACHABLE_CODE = YES;
				CLANG_WARN__DUPLICATE_METHOD_MATCH = YES;
				COPY_PHASE_STRIP = NO;
				DEBUG_INFORMATION_FORMAT = "dwarf-with-dsym";
				ENABLE_NS_ASSERTIONS = NO;
				ENABLE_STRICT_OBJC_MSGSEND = YES;
				GCC_C_LANGUAGE_STANDARD = gnu11;
				GCC_NO_COMMON_BLOCKS = YES;
				GCC_WARN_64_TO_32_BIT_CONVERSION = YES;
				GCC_WARN_ABOUT_RETURN_TYPE = YES_ERROR;
				GCC_WARN_UNDECLARED_SELECTOR = YES;
				GCC_WARN_UNINITIALIZED_AUTOS = YES_AGGRESSIVE;
				GCC_WARN_UNUSED_FUNCTION = YES;
				GCC_WARN_UNUSED_VARIABLE = YES;
				IPHONEOS_DEPLOYMENT_TARGET = 13.2;
				MTL_ENABLE_DEBUG_INFO = NO;
				MTL_FAST_MATH = YES;
				SDKROOT = iphoneos;
				VALIDATE_PRODUCT = YES;
			};
			name = Release;
		};
		97F6FA7823E0A4B700474351 /* Debug */ = {
			isa = XCBuildConfiguration;
			buildSettings = {
				ASSETCATALOG_COMPILER_APPICON_NAME = AppIcon;
				CLANG_ENABLE_MODULES = YES;
				CODE_SIGN_STYLE = Automatic;
				DEVELOPMENT_TEAM = V4L99CL288;
				INFOPLIST_FILE = PokeDexC/Resources/Info.plist;
				LD_RUNPATH_SEARCH_PATHS = (
					"$(inherited)",
					"@executable_path/Frameworks",
				);
				PRODUCT_BUNDLE_IDENTIFIER = "Max-Poff.PokeDexC";
				PRODUCT_NAME = "$(TARGET_NAME)";
				SWIFT_OBJC_BRIDGING_HEADER = "PokeDexC/Controllers/View Controllers/PokeDexC-Bridging-Header.h";
				SWIFT_OPTIMIZATION_LEVEL = "-Onone";
				SWIFT_VERSION = 5.0;
				TARGETED_DEVICE_FAMILY = "1,2";
			};
			name = Debug;
		};
		97F6FA7923E0A4B700474351 /* Release */ = {
			isa = XCBuildConfiguration;
			buildSettings = {
				ASSETCATALOG_COMPILER_APPICON_NAME = AppIcon;
				CLANG_ENABLE_MODULES = YES;
				CODE_SIGN_STYLE = Automatic;
				DEVELOPMENT_TEAM = V4L99CL288;
				INFOPLIST_FILE = PokeDexC/Resources/Info.plist;
				LD_RUNPATH_SEARCH_PATHS = (
					"$(inherited)",
					"@executable_path/Frameworks",
				);
				PRODUCT_BUNDLE_IDENTIFIER = "Max-Poff.PokeDexC";
				PRODUCT_NAME = "$(TARGET_NAME)";
				SWIFT_OBJC_BRIDGING_HEADER = "PokeDexC/Controllers/View Controllers/PokeDexC-Bridging-Header.h";
				SWIFT_VERSION = 5.0;
				TARGETED_DEVICE_FAMILY = "1,2";
			};
			name = Release;
		};
/* End XCBuildConfiguration section */

/* Begin XCConfigurationList section */
		97F6FA5923E0A4B600474351 /* Build configuration list for PBXProject "PokeDexC" */ = {
			isa = XCConfigurationList;
			buildConfigurations = (
				97F6FA7523E0A4B700474351 /* Debug */,
				97F6FA7623E0A4B700474351 /* Release */,
			);
			defaultConfigurationIsVisible = 0;
			defaultConfigurationName = Release;
		};
		97F6FA7723E0A4B700474351 /* Build configuration list for PBXNativeTarget "PokeDexC" */ = {
			isa = XCConfigurationList;
			buildConfigurations = (
				97F6FA7823E0A4B700474351 /* Debug */,
				97F6FA7923E0A4B700474351 /* Release */,
			);
			defaultConfigurationIsVisible = 0;
			defaultConfigurationName = Release;
		};
/* End XCConfigurationList section */
	};
	rootObject = 97F6FA5623E0A4B600474351 /* Project object */;
}
